
Microsoft Visual Studio Solution File, Format Version 12.00
# Visual Studio Version 17
VisualStudioVersion = 17.5.33516.290
MinimumVisualStudioVersion = 10.0.40219.1
Project("{FAE04EC0-301F-11D3-BF4B-00C04F79EFBC}") = "ExMatrizes", "ExMatrizes\ExMatrizes.csproj", "{5465F1D3-EFD4-41F8-AB87-21DD4C43478E}"
EndProject
Global
	GlobalSection(SolutionConfigurationPlatforms) = preSolution
		Debug|Any CPU = Debug|Any CPU
		Release|Any CPU = Release|Any CPU
	EndGlobalSection
	GlobalSection(ProjectConfigurationPlatforms) = postSolution
		{5465F1D3-EFD4-41F8-AB87-21DD4C43478E}.Debug|Any CPU.ActiveCfg = Debug|Any CPU
		{5465F1D3-EFD4-41F8-AB87-21DD4C43478E}.Debug|Any CPU.Build.0 = Debug|Any CPU
		{5465F1D3-EFD4-41F8-AB87-21DD4C43478E}.Release|Any CPU.ActiveCfg = Release|Any CPU
		{5465F1D3-EFD4-41F8-AB87-21DD4C43478E}.Release|Any CPU.Build.0 = Release|Any CPU
	EndGlobalSection
	GlobalSection(SolutionProperties) = preSolution
		HideSolutionNode = FALSE
	EndGlobalSection
	GlobalSection(ExtensibilityGlobals) = postSolution
		SolutionGuid = {0B232635-4EE9-4374-92FB-1D225C578246}
	EndGlobalSection
EndGlobal
